
Microsoft Visual Studio Solution File, Format Version 12.00
# Visual Studio Version 16
VisualStudioVersion = 16.0.31613.86
MinimumVisualStudioVersion = 10.0.40219.1
Project("{FAE04EC0-301F-11D3-BF4B-00C04F79EFBC}") = "asp_net_core_mvc1", "asp_net_core_mvc1.csproj", "{89889FD0-12A9-4A14-9B8B-01D6A4306766}"
EndProject
Global
	GlobalSection(SolutionConfigurationPlatforms) = preSolution
		Debug|Any CPU = Debug|Any CPU
		Release|Any CPU = Release|Any CPU
	EndGlobalSection
	GlobalSection(ProjectConfigurationPlatforms) = postSolution
		{89889FD0-12A9-4A14-9B8B-01D6A4306766}.Debug|Any CPU.ActiveCfg = Debug|Any CPU
		{89889FD0-12A9-4A14-9B8B-01D6A4306766}.Debug|Any CPU.Build.0 = Debug|Any CPU
		{89889FD0-12A9-4A14-9B8B-01D6A4306766}.Release|Any CPU.ActiveCfg = Release|Any CPU
		{89889FD0-12A9-4A14-9B8B-01D6A4306766}.Release|Any CPU.Build.0 = Release|Any CPU
	EndGlobalSection
	GlobalSection(SolutionProperties) = preSolution
		HideSolutionNode = FALSE
	EndGlobalSection
	GlobalSection(ExtensibilityGlobals) = postSolution
		SolutionGuid = {C2E90C61-B7BC-4FB5-AE4A-F2F4F71B461A}
	EndGlobalSection
EndGlobal
